<?xml version="1.0" encoding="UTF-8"?>
<Scheme
   LastUpgradeVersion = "0620"
   version = "1.3">
   <BuildAction
      parallelizeBuildables = "YES"
      buildImplicitDependencies = "YES">
      <BuildActionEntries>
         <BuildActionEntry
            buildForTesting = "YES"
            buildForRunning = "YES"
            buildForProfiling = "YES"
            buildForArchiving = "YES"
            buildForAnalyzing = "YES">
            <BuildableReference
               BuildableIdentifier = "primary"
               BlueprintIdentifier = "488681D21ABFBCDE007EEB2D"
               BuildableName = "ZLMStaticFramework.framework"
               BlueprintName = "ZLMStaticFramework"
               ReferencedContainer = "container:ZLMStaticFramework.xcodeproj">
            </BuildableReference>
         </BuildActionEntry>
         <BuildActionEntry
            buildForTesting = "YES"
            buildForRunning = "YES"
            buildForProfiling = "NO"
            buildForArchiving = "NO"
            buildForAnalyzing = "YES">
            <BuildableReference
               BuildableIdentifier = "primary"
               BlueprintIdentifier = "488681BF1ABFBBA4007EEB2D"
               BuildableName = "ZLMStaticFrameworkTests.xctest"
               BlueprintName = "ZLMStaticFrameworkTests"
               ReferencedContainer = "container:ZLMStaticFramework.xcodeproj">
            </BuildableReference>
         </BuildActionEntry>
      </BuildActionEntries>
   </BuildAction>
   <TestAction
      selectedDebuggerIdentifier = "Xcode.DebuggerFoundation.Debugger.LLDB"
      selectedLauncherIdentifier = "Xcode.DebuggerFoundation.Launcher.LLDB"
      shouldUseLaunchSchemeArgsEnv = "YES"
      buildConfiguration = "Debug">
      <Testables>
         <TestableReference
            skipped = "NO">
            <BuildableReference
               BuildableIdentifier = "primary"
               BlueprintIdentifier = "488681BF1ABFBBA4007EEB2D"
               BuildableName = "ZLMStaticFrameworkTests.xctest"
               BlueprintName = "ZLMStaticFrameworkTests"
               ReferencedContainer = "container:ZLMStaticFramework.xcodeproj">
            </BuildableReference>
         </TestableReference>
      </Testables>
      <MacroExpansion>
         <BuildableReference
            BuildableIdentifier = "primary"
            BlueprintIdentifier = "488681D21ABFBCDE007EEB2D"
            BuildableName = "ZLMStaticFramework.framework"
            BlueprintName = "ZLMStaticFramework"
            ReferencedContainer = "container:ZLMStaticFramework.xcodeproj">
         </BuildableReference>
      </MacroExpansion>
   </TestAction>
   <LaunchAction
      selectedDebuggerIdentifier = "Xcode.DebuggerFoundation.Debugger.LLDB"
      selectedLauncherIdentifier = "Xcode.DebuggerFoundation.Launcher.LLDB"
      launchStyle = "0"
      useCustomWorkingDirectory = "NO"
      buildConfiguration = "Debug"
      ignoresPersistentStateOnLaunch = "NO"
      debugDocumentVersioning = "YES"
      allowLocationSimulation = "YES">
      <MacroExpansion>
         <BuildableReference
            BuildableIdentifier = "primary"
            BlueprintIdentifier = "488681D21ABFBCDE007EEB2D"
            BuildableName = "ZLMStaticFramework.framework"
            BlueprintName = "ZLMStaticFramework"
            ReferencedContainer = "container:ZLMStaticFramework.xcodeproj">
         </BuildableReference>
      </MacroExpansion>
      <AdditionalOptions>
      </AdditionalOptions>
   </LaunchAction>
   <ProfileAction
      shouldUseLaunchSchemeArgsEnv = "YES"
      savedToolIdentifier = ""
      useCustomWorkingDirectory = "NO"
      buildConfiguration = "Release"
      debugDocumentVersioning = "YES">
      <MacroExpansion>
         <BuildableReference
            BuildableIdentifier = "primary"
            BlueprintIdentifier = "488681D21ABFBCDE007EEB2D"
            BuildableName = "ZLMStaticFramework.framework"
            BlueprintName = "ZLMStaticFramework"
            ReferencedContainer = "container:ZLMStaticFramework.xcodeproj">
         </BuildableReference>
      </MacroExpansion>
   </ProfileAction>
   <AnalyzeAction
      buildConfiguration = "Debug">
   </AnalyzeAction>
   <ArchiveAction
      buildConfiguration = "Release"
      revealArchiveInOrganizer = "YES">
   </ArchiveAction>
</Scheme>
